
Microsoft Visual Studio Solution File, Format Version 12.00
# Visual Studio Version 17
VisualStudioVersion = 17.11.35222.181
MinimumVisualStudioVersion = 10.0.40219.1
Project("{FAE04EC0-301F-11D3-BF4B-00C04F79EFBC}") = "AirportSimulation", "AirportSimulation\AirportSimulation.csproj", "{AB27146A-89F3-4B90-9313-C2043379680C}"
EndProject
Global
	GlobalSection(SolutionConfigurationPlatforms) = preSolution
		Debug|Any CPU = Debug|Any CPU
		Release|Any CPU = Release|Any CPU
	EndGlobalSection
	GlobalSection(ProjectConfigurationPlatforms) = postSolution
		{AB27146A-89F3-4B90-9313-C2043379680C}.Debug|Any CPU.ActiveCfg = Debug|Any CPU
		{AB27146A-89F3-4B90-9313-C2043379680C}.Debug|Any CPU.Build.0 = Debug|Any CPU
		{AB27146A-89F3-4B90-9313-C2043379680C}.Release|Any CPU.ActiveCfg = Release|Any CPU
		{AB27146A-89F3-4B90-9313-C2043379680C}.Release|Any CPU.Build.0 = Release|Any CPU
	EndGlobalSection
	GlobalSection(SolutionProperties) = preSolution
		HideSolutionNode = FALSE
	EndGlobalSection
	GlobalSection(ExtensibilityGlobals) = postSolution
		SolutionGuid = {8FA64AFB-0145-444A-8A72-C41B20B9A531}
	EndGlobalSection
EndGlobal
